
Microsoft Visual Studio Solution File, Format Version 12.00
# Visual Studio Version 16
VisualStudioVersion = 16.0.30114.105
MinimumVisualStudioVersion = 10.0.40219.1
Project("{2150E333-8FDC-42A3-9474-1A3956D46DE8}") = "src", "src", "{EC2A0677-3FCA-4657-83C6-D1CD2E432C17}"
EndProject
Project("{FAE04EC0-301F-11D3-BF4B-00C04F79EFBC}") = "Domain", "src\Domain\Domain.csproj", "{B46E9CC6-C921-46DF-8E0D-921249D69C0C}"
EndProject
Project("{FAE04EC0-301F-11D3-BF4B-00C04F79EFBC}") = "Infrastructure", "src\Infrastructure\Infrastructure.csproj", "{FB54C14E-931D-46A0-806F-2AFF1B2A1AFB}"
EndProject
Global
	GlobalSection(SolutionConfigurationPlatforms) = preSolution
		Debug|Any CPU = Debug|Any CPU
		Release|Any CPU = Release|Any CPU
	EndGlobalSection
	GlobalSection(SolutionProperties) = preSolution
		HideSolutionNode = FALSE
	EndGlobalSection
	GlobalSection(ProjectConfigurationPlatforms) = postSolution
		{B46E9CC6-C921-46DF-8E0D-921249D69C0C}.Debug|Any CPU.ActiveCfg = Debug|Any CPU
		{B46E9CC6-C921-46DF-8E0D-921249D69C0C}.Debug|Any CPU.Build.0 = Debug|Any CPU
		{B46E9CC6-C921-46DF-8E0D-921249D69C0C}.Release|Any CPU.ActiveCfg = Release|Any CPU
		{B46E9CC6-C921-46DF-8E0D-921249D69C0C}.Release|Any CPU.Build.0 = Release|Any CPU
		{FB54C14E-931D-46A0-806F-2AFF1B2A1AFB}.Debug|Any CPU.ActiveCfg = Debug|Any CPU
		{FB54C14E-931D-46A0-806F-2AFF1B2A1AFB}.Debug|Any CPU.Build.0 = Debug|Any CPU
		{FB54C14E-931D-46A0-806F-2AFF1B2A1AFB}.Release|Any CPU.ActiveCfg = Release|Any CPU
		{FB54C14E-931D-46A0-806F-2AFF1B2A1AFB}.Release|Any CPU.Build.0 = Release|Any CPU
	EndGlobalSection
	GlobalSection(NestedProjects) = preSolution
		{B46E9CC6-C921-46DF-8E0D-921249D69C0C} = {EC2A0677-3FCA-4657-83C6-D1CD2E432C17}
		{FB54C14E-931D-46A0-806F-2AFF1B2A1AFB} = {EC2A0677-3FCA-4657-83C6-D1CD2E432C17}
	EndGlobalSection
EndGlobal
